PODS:
  - DeviceScreenViewController (0.1.3)
  - RxCocoa (4.3.1):
    - RxSwift (~> 4.0)
  - RxSwift (4.3.1)
  - SnapKit (4.0.1)

DEPENDENCIES:
  - DeviceScreenViewController (from `https://github.com/pgmarchenko/DeviceScreenViewController.git`, tag `0.1.3`)
  - RxCocoa (~> 4.0)
  - RxSwift (~> 4.0)
  - SnapKit (~> 4.0.0)

EXTERNAL SOURCES:
  DeviceScreenViewController:
    :git: https://github.com/pgmarchenko/DeviceScreenViewController.git
    :tag: 0.1.3

CHECKOUT OPTIONS:
  DeviceScreenViewController:
    :git: https://github.com/pgmarchenko/DeviceScreenViewController.git
    :tag: 0.1.3

SPEC CHECKSUMS:
  DeviceScreenViewController: cd35158448fd9e7b3217f4ef98c8f0bb1d8361af
  RxCocoa: 78763c7b07d02455598d9fc3c1ad091a28b73635
  RxSwift: fe0fd770a43acdb7d0a53da411c9b892e69bb6e4
  SnapKit: 0de968a9fec17499afa29683b05d0c775b6d1c29

PODFILE CHECKSUM: 141eeae51eafbbb8028c4bc3ea0745fbb92dccdf

COCOAPODS: 1.4.0
