// !$*UTF8*$!
{
	archiveVersion = 1;
	classes = {
	};
	objectVersion = 50;
	objects = {

/* Begin PBXBuildFile section */
		51614CA0914DE785AABF68D9 /* Pods_PlaygroundApp.framework in Frameworks */ = {isa = PBXBuildFile; fileRef = 75FA25559350EC18EE7EC5F5 /* Pods_PlaygroundApp.framework */; };
		7F22410721638F2B001B53B2 /* AppDelegate.swift in Sources */ = {isa = PBXBuildFile; fileRef = 7F22410621638F2B001B53B2 /* AppDelegate.swift */; };
		7F22410E21638F2C001B53B2 /* Assets.xcassets in Resources */ = {isa = PBXBuildFile; fileRef = 7F22410D21638F2C001B53B2 /* Assets.xcassets */; };
		7F22411121638F2C001B53B2 /* LaunchScreen.storyboard in Resources */ = {isa = PBXBuildFile; fileRef = 7F22410F21638F2C001B53B2 /* LaunchScreen.storyboard */; };
		7F445A5021663B8500B121BF /* MenuScreenInteractions.swift in Sources */ = {isa = PBXBuildFile; fileRef = 7F445A4F21663B8500B121BF /* MenuScreenInteractions.swift */; };
		7F445A53216643BF00B121BF /* AdsFakeScreenView.swift in Sources */ = {isa = PBXBuildFile; fileRef = 7F445A52216643BF00B121BF /* AdsFakeScreenView.swift */; };
		7F445A55216643CF00B121BF /* AdsFakeScreenViewController.swift in Sources */ = {isa = PBXBuildFile; fileRef = 7F445A54216643CF00B121BF /* AdsFakeScreenViewController.swift */; };
		7F756C7021662ED80018EB83 /* App.h in Headers */ = {isa = PBXBuildFile; fileRef = 7F756C6E21662ED80018EB83 /* App.h */; settings = {ATTRIBUTES = (Public, ); }; };
		7F756C7321662ED80018EB83 /* App.framework in Frameworks */ = {isa = PBXBuildFile; fileRef = 7F756C6C21662ED70018EB83 /* App.framework */; };
		7F756C7421662ED80018EB83 /* App.framework in Embed Frameworks */ = {isa = PBXBuildFile; fileRef = 7F756C6C21662ED70018EB83 /* App.framework */; settings = {ATTRIBUTES = (CodeSignOnCopy, RemoveHeadersOnCopy, ); }; };
		7F756C7921662EF40018EB83 /* MagiColorScreenInteractions.swift in Sources */ = {isa = PBXBuildFile; fileRef = 7F756C7821662EF40018EB83 /* MagiColorScreenInteractions.swift */; };
		7F756C8121662F830018EB83 /* MagiColorsScreenView.swift in Sources */ = {isa = PBXBuildFile; fileRef = 7F756C7F21662F830018EB83 /* MagiColorsScreenView.swift */; };
		7F756C8221662F830018EB83 /* MagiColorsScreenViewController.swift in Sources */ = {isa = PBXBuildFile; fileRef = 7F756C8021662F830018EB83 /* MagiColorsScreenViewController.swift */; };
		7F756C8321662FCB0018EB83 /* UI.framework in Frameworks */ = {isa = PBXBuildFile; fileRef = 7F9858362163934800E922A6 /* UI.framework */; };
		7F756C8421662FCB0018EB83 /* Utilities.framework in Frameworks */ = {isa = PBXBuildFile; fileRef = 7FB3CB9F2166149000A5A622 /* Utilities.framework */; };
		7F756C862166311C0018EB83 /* DownloadScreenInteractions.swift in Sources */ = {isa = PBXBuildFile; fileRef = 7F756C852166311C0018EB83 /* DownloadScreenInteractions.swift */; };
		7F756C8E2166319A0018EB83 /* DownloadScreenViewController.swift in Sources */ = {isa = PBXBuildFile; fileRef = 7F756C8C2166319A0018EB83 /* DownloadScreenViewController.swift */; };
		7F756C8F2166319A0018EB83 /* DownloadScreenView.swift in Sources */ = {isa = PBXBuildFile; fileRef = 7F756C8D2166319A0018EB83 /* DownloadScreenView.swift */; };
		7F98583A2163934800E922A6 /* UI.h in Headers */ = {isa = PBXBuildFile; fileRef = 7F9858382163934800E922A6 /* UI.h */; settings = {ATTRIBUTES = (Public, ); }; };
		7F98583D2163934800E922A6 /* UI.framework in Frameworks */ = {isa = PBXBuildFile; fileRef = 7F9858362163934800E922A6 /* UI.framework */; };
		7F98583E2163934800E922A6 /* UI.framework in Embed Frameworks */ = {isa = PBXBuildFile; fileRef = 7F9858362163934800E922A6 /* UI.framework */; settings = {ATTRIBUTES = (CodeSignOnCopy, RemoveHeadersOnCopy, ); }; };
		7F985846216393E900E922A6 /* MenuScreenViewController.swift in Sources */ = {isa = PBXBuildFile; fileRef = 7F985845216393E900E922A6 /* MenuScreenViewController.swift */; };
		7FB3CBA32166149000A5A622 /* Utilities.h in Headers */ = {isa = PBXBuildFile; fileRef = 7FB3CBA12166149000A5A622 /* Utilities.h */; settings = {ATTRIBUTES = (Public, ); }; };
		7FB3CBAE216614F900A5A622 /* Curry.swift in Sources */ = {isa = PBXBuildFile; fileRef = 7FB3CBAD216614F900A5A622 /* Curry.swift */; };
		7FB3CBAF2166152400A5A622 /* Utilities.framework in Frameworks */ = {isa = PBXBuildFile; fileRef = 7FB3CB9F2166149000A5A622 /* Utilities.framework */; };
		7FB3CBB12166158800A5A622 /* RxSwiftBindDisposing.swift in Sources */ = {isa = PBXBuildFile; fileRef = 7FB3CBB02166158800A5A622 /* RxSwiftBindDisposing.swift */; };
		B0657AE6D44E1D13A7BCFFFC /* Pods_UI.framework in Frameworks */ = {isa = PBXBuildFile; fileRef = 88E0A4612B7569B334064D5D /* Pods_UI.framework */; };
		D562D18AEC3C29796960733F /* Pods_Utilities.framework in Frameworks */ = {isa = PBXBuildFile; fileRef = 9B27FB85937831C4C5C55A7F /* Pods_Utilities.framework */; };
		E2F1742FE2D17D48817FD682 /* Pods_App.framework in Frameworks */ = {isa = PBXBuildFile; fileRef = B8E4E02702773BA0A44F24AD /* Pods_App.framework */; };
		FA8ECDDD21D8EB4700C728DD /* ThirdTabScreenInteractions.swift in Sources */ = {isa = PBXBuildFile; fileRef = FA8ECDDC21D8EB4700C728DD /* ThirdTabScreenInteractions.swift */; };
		FA99237321D8D32E00CD3BC0 /* ThirdTabScreenViewController.swift in Sources */ = {isa = PBXBuildFile; fileRef = FA99237221D8D32E00CD3BC0 /* ThirdTabScreenViewController.swift */; };
		FA99237521D8D34300CD3BC0 /* ThirdTabScreenView.swift in Sources */ = {isa = PBXBuildFile; fileRef = FA99237421D8D34300CD3BC0 /* ThirdTabScreenView.swift */; };
/* End PBXBuildFile section */

/* Begin PBXContainerItemProxy section */
		7F756C7121662ED80018EB83 /* PBXContainerItemProxy */ = {
			isa = PBXContainerItemProxy;
			containerPortal = 7F2240FB21638F2A001B53B2 /* Project object */;
			proxyType = 1;
			remoteGlobalIDString = 7F756C6B21662ED70018EB83;
			remoteInfo = App;
		};
		7F98583B2163934800E922A6 /* PBXContainerItemProxy */ = {
			isa = PBXContainerItemProxy;
			containerPortal = 7F2240FB21638F2A001B53B2 /* Project object */;
			proxyType = 1;
			remoteGlobalIDString = 7F9858352163934800E922A6;
			remoteInfo = UI;
		};
/* End PBXContainerItemProxy section */

/* Begin PBXCopyFilesBuildPhase section */
		7F9858422163934800E922A6 /* Embed Frameworks */ = {
			isa = PBXCopyFilesBuildPhase;
			buildActionMask = 2147483647;
			dstPath = "";
			dstSubfolderSpec = 10;
			files = (
				7F98583E2163934800E922A6 /* UI.framework in Embed Frameworks */,
				7F756C7421662ED80018EB83 /* App.framework in Embed Frameworks */,
			);
			name = "Embed Frameworks";
			runOnlyForDeploymentPostprocessing = 0;
		};
/* End PBXCopyFilesBuildPhase section */

/* Begin PBXFileReference section */
		27956835F78B2B1237F5D370 /* Pods-UI.release.xcconfig */ = {isa = PBXFileReference; includeInIndex = 1; lastKnownFileType = text.xcconfig; name = "Pods-UI.release.xcconfig"; path = "Pods/Target Support Files/Pods-UI/Pods-UI.release.xcconfig"; sourceTree = "<group>"; };
		310397FE99EEC4C57A248508 /* Pods-Utilities.release.xcconfig */ = {isa = PBXFileReference; includeInIndex = 1; lastKnownFileType = text.xcconfig; name = "Pods-Utilities.release.xcconfig"; path = "Pods/Target Support Files/Pods-Utilities/Pods-Utilities.release.xcconfig"; sourceTree = "<group>"; };
		53CD6D4181AD06166BCEADB5 /* Pods-App.release.xcconfig */ = {isa = PBXFileReference; includeInIndex = 1; lastKnownFileType = text.xcconfig; name = "Pods-App.release.xcconfig"; path = "Pods/Target Support Files/Pods-App/Pods-App.release.xcconfig"; sourceTree = "<group>"; };
		75FA25559350EC18EE7EC5F5 /* Pods_PlaygroundApp.framework */ = {isa = PBXFileReference; explicitFileType = wrapper.framework; includeInIndex = 0; path = Pods_PlaygroundApp.framework; sourceTree = BUILT_PRODUCTS_DIR; };
		7CC1313A6AFF118C732BF153 /* Pods-App.debug.xcconfig */ = {isa = PBXFileReference; includeInIndex = 1; lastKnownFileType = text.xcconfig; name = "Pods-App.debug.xcconfig"; path = "Pods/Target Support Files/Pods-App/Pods-App.debug.xcconfig"; sourceTree = "<group>"; };
		7F22410321638F2A001B53B2 /* PlaygroundApp.app */ = {isa = PBXFileReference; explicitFileType = wrapper.application; includeInIndex = 0; path = PlaygroundApp.app; sourceTree = BUILT_PRODUCTS_DIR; };
		7F22410621638F2B001B53B2 /* AppDelegate.swift */ = {isa = PBXFileReference; lastKnownFileType = sourcecode.swift; path = AppDelegate.swift; sourceTree = "<group>"; };
		7F22410D21638F2C001B53B2 /* Assets.xcassets */ = {isa = PBXFileReference; lastKnownFileType = folder.assetcatalog; path = Assets.xcassets; sourceTree = "<group>"; };
		7F22411021638F2C001B53B2 /* Base */ = {isa = PBXFileReference; lastKnownFileType = file.storyboard; name = Base; path = Base.lproj/LaunchScreen.storyboard; sourceTree = "<group>"; };
		7F22411221638F2C001B53B2 /* Info.plist */ = {isa = PBXFileReference; lastKnownFileType = text.plist.xml; path = Info.plist; sourceTree = "<group>"; };
		7F445A4F21663B8500B121BF /* MenuScreenInteractions.swift */ = {isa = PBXFileReference; lastKnownFileType = sourcecode.swift; path = MenuScreenInteractions.swift; sourceTree = "<group>"; };
		7F445A52216643BF00B121BF /* AdsFakeScreenView.swift */ = {isa = PBXFileReference; lastKnownFileType = sourcecode.swift; path = AdsFakeScreenView.swift; sourceTree = "<group>"; };
		7F445A54216643CF00B121BF /* AdsFakeScreenViewController.swift */ = {isa = PBXFileReference; lastKnownFileType = sourcecode.swift; path = AdsFakeScreenViewController.swift; sourceTree = "<group>"; };
		7F756C6C21662ED70018EB83 /* App.framework */ = {isa = PBXFileReference; explicitFileType = wrapper.framework; includeInIndex = 0; path = App.framework; sourceTree = BUILT_PRODUCTS_DIR; };
		7F756C6E21662ED80018EB83 /* App.h */ = {isa = PBXFileReference; lastKnownFileType = sourcecode.c.h; path = App.h; sourceTree = "<group>"; };
		7F756C6F21662ED80018EB83 /* Info.plist */ = {isa = PBXFileReference; lastKnownFileType = text.plist.xml; path = Info.plist; sourceTree = "<group>"; };
		7F756C7821662EF40018EB83 /* MagiColorScreenInteractions.swift */ = {isa = PBXFileReference; lastKnownFileType = sourcecode.swift; path = MagiColorScreenInteractions.swift; sourceTree = "<group>"; };
		7F756C7F21662F830018EB83 /* MagiColorsScreenView.swift */ = {isa = PBXFileReference; fileEncoding = 4; lastKnownFileType = sourcecode.swift; path = MagiColorsScreenView.swift; sourceTree = "<group>"; };
		7F756C8021662F830018EB83 /* MagiColorsScreenViewController.swift */ = {isa = PBXFileReference; fileEncoding = 4; lastKnownFileType = sourcecode.swift; path = MagiColorsScreenViewController.swift; sourceTree = "<group>"; };
		7F756C852166311C0018EB83 /* DownloadScreenInteractions.swift */ = {isa = PBXFileReference; lastKnownFileType = sourcecode.swift; path = DownloadScreenInteractions.swift; sourceTree = "<group>"; };
		7F756C8C2166319A0018EB83 /* DownloadScreenViewController.swift */ = {isa = PBXFileReference; fileEncoding = 4; lastKnownFileType = sourcecode.swift; path = DownloadScreenViewController.swift; sourceTree = "<group>"; };
		7F756C8D2166319A0018EB83 /* DownloadScreenView.swift */ = {isa = PBXFileReference; fileEncoding = 4; lastKnownFileType = sourcecode.swift; path = DownloadScreenView.swift; sourceTree = "<group>"; };
		7F9858362163934800E922A6 /* UI.framework */ = {isa = PBXFileReference; explicitFileType = wrapper.framework; includeInIndex = 0; path = UI.framework; sourceTree = BUILT_PRODUCTS_DIR; };
		7F9858382163934800E922A6 /* UI.h */ = {isa = PBXFileReference; lastKnownFileType = sourcecode.c.h; path = UI.h; sourceTree = "<group>"; };
		7F9858392163934800E922A6 /* Info.plist */ = {isa = PBXFileReference; lastKnownFileType = text.plist.xml; path = Info.plist; sourceTree = "<group>"; };
		7F985845216393E900E922A6 /* MenuScreenViewController.swift */ = {isa = PBXFileReference; lastKnownFileType = sourcecode.swift; path = MenuScreenViewController.swift; sourceTree = "<group>"; };
		7FB3CB9F2166149000A5A622 /* Utilities.framework */ = {isa = PBXFileReference; explicitFileType = wrapper.framework; includeInIndex = 0; path = Utilities.framework; sourceTree = BUILT_PRODUCTS_DIR; };
		7FB3CBA12166149000A5A622 /* Utilities.h */ = {isa = PBXFileReference; lastKnownFileType = sourcecode.c.h; path = Utilities.h; sourceTree = "<group>"; };
		7FB3CBA22166149000A5A622 /* Info.plist */ = {isa = PBXFileReference; lastKnownFileType = text.plist.xml; path = Info.plist; sourceTree = "<group>"; };
		7FB3CBAD216614F900A5A622 /* Curry.swift */ = {isa = PBXFileReference; lastKnownFileType = sourcecode.swift; path = Curry.swift; sourceTree = "<group>"; };
		7FB3CBB02166158800A5A622 /* RxSwiftBindDisposing.swift */ = {isa = PBXFileReference; lastKnownFileType = sourcecode.swift; path = RxSwiftBindDisposing.swift; sourceTree = "<group>"; };
		88E0A4612B7569B334064D5D /* Pods_UI.framework */ = {isa = PBXFileReference; explicitFileType = wrapper.framework; includeInIndex = 0; path = Pods_UI.framework; sourceTree = BUILT_PRODUCTS_DIR; };
		8BB96B205CC109EF5693AAE5 /* Pods-Utilities.debug.xcconfig */ = {isa = PBXFileReference; includeInIndex = 1; lastKnownFileType = text.xcconfig; name = "Pods-Utilities.debug.xcconfig"; path = "Pods/Target Support Files/Pods-Utilities/Pods-Utilities.debug.xcconfig"; sourceTree = "<group>"; };
		90A90191713EF87C49002930 /* Pods-UI.debug.xcconfig */ = {isa = PBXFileReference; includeInIndex = 1; lastKnownFileType = text.xcconfig; name = "Pods-UI.debug.xcconfig"; path = "Pods/Target Support Files/Pods-UI/Pods-UI.debug.xcconfig"; sourceTree = "<group>"; };
		9B27FB85937831C4C5C55A7F /* Pods_Utilities.framework */ = {isa = PBXFileReference; explicitFileType = wrapper.framework; includeInIndex = 0; path = Pods_Utilities.framework; sourceTree = BUILT_PRODUCTS_DIR; };
		B8E3CF4786BFA5C17934DAF1 /* Pods-PlaygroundApp.debug.xcconfig */ = {isa = PBXFileReference; includeInIndex = 1; lastKnownFileType = text.xcconfig; name = "Pods-PlaygroundApp.debug.xcconfig"; path = "Pods/Target Support Files/Pods-PlaygroundApp/Pods-PlaygroundApp.debug.xcconfig"; sourceTree = "<group>"; };
		B8E4E02702773BA0A44F24AD /* Pods_App.framework */ = {isa = PBXFileReference; explicitFileType = wrapper.framework; includeInIndex = 0; path = Pods_App.framework; sourceTree = BUILT_PRODUCTS_DIR; };
		BAD6AE7439421278BA115A36 /* Pods-PlaygroundApp.release.xcconfig */ = {isa = PBXFileReference; includeInIndex = 1; lastKnownFileType = text.xcconfig; name = "Pods-PlaygroundApp.release.xcconfig"; path = "Pods/Target Support Files/Pods-PlaygroundApp/Pods-PlaygroundApp.release.xcconfig"; sourceTree = "<group>"; };
		FA8ECDDC21D8EB4700C728DD /* ThirdTabScreenInteractions.swift */ = {isa = PBXFileReference; lastKnownFileType = sourcecode.swift; path = ThirdTabScreenInteractions.swift; sourceTree = "<group>"; };
		FA99237221D8D32E00CD3BC0 /* ThirdTabScreenViewController.swift */ = {isa = PBXFileReference; lastKnownFileType = sourcecode.swift; path = ThirdTabScreenViewController.swift; sourceTree = "<group>"; };
		FA99237421D8D34300CD3BC0 /* ThirdTabScreenView.swift */ = {isa = PBXFileReference; lastKnownFileType = sourcecode.swift; path = ThirdTabScreenView.swift; sourceTree = "<group>"; };
/* End PBXFileReference section */

/* Begin PBXFrameworksBuildPhase section */
		7F22410021638F2A001B53B2 /* Frameworks */ = {
			isa = PBXFrameworksBuildPhase;
			buildActionMask = 2147483647;
			files = (
				7F98583D2163934800E922A6 /* UI.framework in Frameworks */,
				7F756C7321662ED80018EB83 /* App.framework in Frameworks */,
				51614CA0914DE785AABF68D9 /* Pods_PlaygroundApp.framework in Frameworks */,
			);
			runOnlyForDeploymentPostprocessing = 0;
		};
		7F756C6921662ED70018EB83 /* Frameworks */ = {
			isa = PBXFrameworksBuildPhase;
			buildActionMask = 2147483647;
			files = (
				7F756C8321662FCB0018EB83 /* UI.framework in Frameworks */,
				7F756C8421662FCB0018EB83 /* Utilities.framework in Frameworks */,
				E2F1742FE2D17D48817FD682 /* Pods_App.framework in Frameworks */,
			);
			runOnlyForDeploymentPostprocessing = 0;
		};
		7F9858322163934800E922A6 /* Frameworks */ = {
			isa = PBXFrameworksBuildPhase;
			buildActionMask = 2147483647;
			files = (
				7FB3CBAF2166152400A5A622 /* Utilities.framework in Frameworks */,
				B0657AE6D44E1D13A7BCFFFC /* Pods_UI.framework in Frameworks */,
			);
			runOnlyForDeploymentPostprocessing = 0;
		};
		7FB3CB9C2166149000A5A622 /* Frameworks */ = {
			isa = PBXFrameworksBuildPhase;
			buildActionMask = 2147483647;
			files = (
				D562D18AEC3C29796960733F /* Pods_Utilities.framework in Frameworks */,
			);
			runOnlyForDeploymentPostprocessing = 0;
		};
/* End PBXFrameworksBuildPhase section */

/* Begin PBXGroup section */
		7F2240FA21638F2A001B53B2 = {
			isa = PBXGroup;
			children = (
				7F22410521638F2A001B53B2 /* PlaygroundApp */,
				7F9858372163934800E922A6 /* UI */,
				7FB3CBA02166149000A5A622 /* Utilities */,
				7F756C6D21662ED80018EB83 /* App */,
				7F22410421638F2A001B53B2 /* Products */,
				A0392DF055C8951C2164A174 /* Pods */,
				A65E2D8688A10429939404BE /* Frameworks */,
			);
			sourceTree = "<group>";
		};
		7F22410421638F2A001B53B2 /* Products */ = {
			isa = PBXGroup;
			children = (
				7F22410321638F2A001B53B2 /* PlaygroundApp.app */,
				7F9858362163934800E922A6 /* UI.framework */,
				7FB3CB9F2166149000A5A622 /* Utilities.framework */,
				7F756C6C21662ED70018EB83 /* App.framework */,
			);
			name = Products;
			sourceTree = "<group>";
		};
		7F22410521638F2A001B53B2 /* PlaygroundApp */ = {
			isa = PBXGroup;
			children = (
				7F22410621638F2B001B53B2 /* AppDelegate.swift */,
				7F22410D21638F2C001B53B2 /* Assets.xcassets */,
				7F22410F21638F2C001B53B2 /* LaunchScreen.storyboard */,
				7F22411221638F2C001B53B2 /* Info.plist */,
			);
			path = PlaygroundApp;
			sourceTree = "<group>";
		};
		7F445A512166439E00B121BF /* AdsFakeScreen */ = {
			isa = PBXGroup;
			children = (
				7F445A52216643BF00B121BF /* AdsFakeScreenView.swift */,
				7F445A54216643CF00B121BF /* AdsFakeScreenViewController.swift */,
			);
			path = AdsFakeScreen;
			sourceTree = "<group>";
		};
		7F756C6D21662ED80018EB83 /* App */ = {
			isa = PBXGroup;
			children = (
				7F756C6E21662ED80018EB83 /* App.h */,
				7F756C6F21662ED80018EB83 /* Info.plist */,
				7F756C7821662EF40018EB83 /* MagiColorScreenInteractions.swift */,
				7F756C852166311C0018EB83 /* DownloadScreenInteractions.swift */,
				FA8ECDDC21D8EB4700C728DD /* ThirdTabScreenInteractions.swift */,
				7F445A4F21663B8500B121BF /* MenuScreenInteractions.swift */,
			);
			path = App;
			sourceTree = "<group>";
		};
		7F756C7A21662F1F0018EB83 /* MagiColorScreen */ = {
			isa = PBXGroup;
			children = (
				7F756C7F21662F830018EB83 /* MagiColorsScreenView.swift */,
				7F756C8021662F830018EB83 /* MagiColorsScreenViewController.swift */,
			);
			path = MagiColorScreen;
			sourceTree = "<group>";
		};
		7F756C87216631510018EB83 /* DownloadScreen */ = {
			isa = PBXGroup;
			children = (
				7F756C8D2166319A0018EB83 /* DownloadScreenView.swift */,
				7F756C8C2166319A0018EB83 /* DownloadScreenViewController.swift */,
			);
			path = DownloadScreen;
			sourceTree = "<group>";
		};
		7F9858372163934800E922A6 /* UI */ = {
			isa = PBXGroup;
			children = (
				FA99237121D8D2F100CD3BC0 /* ThirdTabScreen */,
				7F445A512166439E00B121BF /* AdsFakeScreen */,
				7F756C87216631510018EB83 /* DownloadScreen */,
				7F756C7A21662F1F0018EB83 /* MagiColorScreen */,
				7F9858432163935900E922A6 /* MenuScreen */,
				7F985844216393AA00E922A6 /* Resources */,
			);
			path = UI;
			sourceTree = "<group>";
		};
		7F9858432163935900E922A6 /* MenuScreen */ = {
			isa = PBXGroup;
			children = (
				7F985845216393E900E922A6 /* MenuScreenViewController.swift */,
			);
			path = MenuScreen;
			sourceTree = "<group>";
		};
		7F985844216393AA00E922A6 /* Resources */ = {
			isa = PBXGroup;
			children = (
				7F9858382163934800E922A6 /* UI.h */,
				7F9858392163934800E922A6 /* Info.plist */,
			);
			path = Resources;
			sourceTree = "<group>";
		};
		7FB3CBA02166149000A5A622 /* Utilities */ = {
			isa = PBXGroup;
			children = (
				7FB3CBA12166149000A5A622 /* Utilities.h */,
				7FB3CBA22166149000A5A622 /* Info.plist */,
				7FB3CBAD216614F900A5A622 /* Curry.swift */,
				7FB3CBB02166158800A5A622 /* RxSwiftBindDisposing.swift */,
			);
			path = Utilities;
			sourceTree = "<group>";
		};
		A0392DF055C8951C2164A174 /* Pods */ = {
			isa = PBXGroup;
			children = (
				B8E3CF4786BFA5C17934DAF1 /* Pods-PlaygroundApp.debug.xcconfig */,
				BAD6AE7439421278BA115A36 /* Pods-PlaygroundApp.release.xcconfig */,
				90A90191713EF87C49002930 /* Pods-UI.debug.xcconfig */,
				27956835F78B2B1237F5D370 /* Pods-UI.release.xcconfig */,
				8BB96B205CC109EF5693AAE5 /* Pods-Utilities.debug.xcconfig */,
				310397FE99EEC4C57A248508 /* Pods-Utilities.release.xcconfig */,
				7CC1313A6AFF118C732BF153 /* Pods-App.debug.xcconfig */,
				53CD6D4181AD06166BCEADB5 /* Pods-App.release.xcconfig */,
			);
			name = Pods;
			sourceTree = "<group>";
		};
		A65E2D8688A10429939404BE /* Frameworks */ = {
			isa = PBXGroup;
			children = (
				75FA25559350EC18EE7EC5F5 /* Pods_PlaygroundApp.framework */,
				88E0A4612B7569B334064D5D /* Pods_UI.framework */,
				9B27FB85937831C4C5C55A7F /* Pods_Utilities.framework */,
				B8E4E02702773BA0A44F24AD /* Pods_App.framework */,
			);
			name = Frameworks;
			sourceTree = "<group>";
		};
		FA99237121D8D2F100CD3BC0 /* ThirdTabScreen */ = {
			isa = PBXGroup;
			children = (
				FA99237421D8D34300CD3BC0 /* ThirdTabScreenView.swift */,
				FA99237221D8D32E00CD3BC0 /* ThirdTabScreenViewController.swift */,
			);
			path = ThirdTabScreen;
			sourceTree = "<group>";
		};
/* End PBXGroup section */

/* Begin PBXHeadersBuildPhase section */
		7F756C6721662ED70018EB83 /* Headers */ = {
			isa = PBXHeadersBuildPhase;
			buildActionMask = 2147483647;
			files = (
				7F756C7021662ED80018EB83 /* App.h in Headers */,
			);
			runOnlyForDeploymentPostprocessing = 0;
		};
		7F9858332163934800E922A6 /* Headers */ = {
			isa = PBXHeadersBuildPhase;
			buildActionMask = 2147483647;
			files = (
				7F98583A2163934800E922A6 /* UI.h in Headers */,
			);
			runOnlyForDeploymentPostprocessing = 0;
		};
		7FB3CB9A2166149000A5A622 /* Headers */ = {
			isa = PBXHeadersBuildPhase;
			buildActionMask = 2147483647;
			files = (
				7FB3CBA32166149000A5A622 /* Utilities.h in Headers */,
			);
			runOnlyForDeploymentPostprocessing = 0;
		};
/* End PBXHeadersBuildPhase section */

/* Begin PBXNativeTarget section */
		7F22410221638F2A001B53B2 /* PlaygroundApp */ = {
			isa = PBXNativeTarget;
			buildConfigurationList = 7F22411521638F2C001B53B2 /* Build configuration list for PBXNativeTarget "PlaygroundApp" */;
			buildPhases = (
				D13BF52ED06A33406C1A389B /* [CP] Check Pods Manifest.lock */,
				7F2240FF21638F2A001B53B2 /* Sources */,
				7F22410021638F2A001B53B2 /* Frameworks */,
				7F22410121638F2A001B53B2 /* Resources */,
				7EA7F096CBD579895262F9CF /* [CP] Embed Pods Frameworks */,
				D52AC3EB21F45B94B79B9A1A /* [CP] Copy Pods Resources */,
				7F9858422163934800E922A6 /* Embed Frameworks */,
			);
			buildRules = (
			);
			dependencies = (
				7F98583C2163934800E922A6 /* PBXTargetDependency */,
				7F756C7221662ED80018EB83 /* PBXTargetDependency */,
			);
			name = PlaygroundApp;
			productName = PlaygroundApp;
			productReference = 7F22410321638F2A001B53B2 /* PlaygroundApp.app */;
			productType = "com.apple.product-type.application";
		};
		7F756C6B21662ED70018EB83 /* App */ = {
			isa = PBXNativeTarget;
			buildConfigurationList = 7F756C7721662ED80018EB83 /* Build configuration list for PBXNativeTarget "App" */;
			buildPhases = (
				8AD0C996ED1894E84D5F7BC6 /* [CP] Check Pods Manifest.lock */,
				7F756C6721662ED70018EB83 /* Headers */,
				7F756C6821662ED70018EB83 /* Sources */,
				7F756C6921662ED70018EB83 /* Frameworks */,
				7F756C6A21662ED70018EB83 /* Resources */,
				4D7585BC4B0BEA62C192EDE9 /* [CP] Copy Pods Resources */,
			);
			buildRules = (
			);
			dependencies = (
			);
			name = App;
			productName = App;
			productReference = 7F756C6C21662ED70018EB83 /* App.framework */;
			productType = "com.apple.product-type.framework";
		};
		7F9858352163934800E922A6 /* UI */ = {
			isa = PBXNativeTarget;
			buildConfigurationList = 7F9858412163934800E922A6 /* Build configuration list for PBXNativeTarget "UI" */;
			buildPhases = (
				B036FA620054B1AF864B7C68 /* [CP] Check Pods Manifest.lock */,
				7F9858312163934800E922A6 /* Sources */,
				7F9858322163934800E922A6 /* Frameworks */,
				7F9858332163934800E922A6 /* Headers */,
				7F9858342163934800E922A6 /* Resources */,
				94DED7834DB1EAF154773B69 /* [CP] Copy Pods Resources */,
			);
			buildRules = (
			);
			dependencies = (
			);
			name = UI;
			productName = UI;
			productReference = 7F9858362163934800E922A6 /* UI.framework */;
			productType = "com.apple.product-type.framework";
		};
		7FB3CB9E2166149000A5A622 /* Utilities */ = {
			isa = PBXNativeTarget;
			buildConfigurationList = 7FB3CBAA2166149000A5A622 /* Build configuration list for PBXNativeTarget "Utilities" */;
			buildPhases = (
				4AE8B8D50701F868B77FFBFB /* [CP] Check Pods Manifest.lock */,
				7FB3CB9A2166149000A5A622 /* Headers */,
				7FB3CB9B2166149000A5A622 /* Sources */,
				7FB3CB9C2166149000A5A622 /* Frameworks */,
				7FB3CB9D2166149000A5A622 /* Resources */,
				1E8BEE88137E8E2F3F8198CC /* [CP] Copy Pods Resources */,
			);
			buildRules = (
			);
			dependencies = (
			);
			name = Utilities;
			productName = Utilities;
			productReference = 7FB3CB9F2166149000A5A622 /* Utilities.framework */;
			productType = "com.apple.product-type.framework";
		};
/* End PBXNativeTarget section */

/* Begin PBXProject section */
		7F2240FB21638F2A001B53B2 /* Project object */ = {
			isa = PBXProject;
			attributes = {
				LastSwiftUpdateCheck = 1000;
				LastUpgradeCheck = 1000;
				ORGANIZATIONNAME = pgmarchenko;
				TargetAttributes = {
					7F22410221638F2A001B53B2 = {
						CreatedOnToolsVersion = 10.0;
					};
					7F756C6B21662ED70018EB83 = {
						CreatedOnToolsVersion = 10.0;
						LastSwiftMigration = 1000;
					};
					7F9858352163934800E922A6 = {
						CreatedOnToolsVersion = 9.4.1;
						LastSwiftMigration = 0940;
					};
				};
			};
			buildConfigurationList = 7F2240FE21638F2A001B53B2 /* Build configuration list for PBXProject "PlaygroundApp" */;
			compatibilityVersion = "Xcode 9.3";
			developmentRegion = en;
			hasScannedForEncodings = 0;
			knownRegions = (
				en,
				Base,
			);
			mainGroup = 7F2240FA21638F2A001B53B2;
			productRefGroup = 7F22410421638F2A001B53B2 /* Products */;
			projectDirPath = "";
			projectRoot = "";
			targets = (
				7F22410221638F2A001B53B2 /* PlaygroundApp */,
				7F9858352163934800E922A6 /* UI */,
				7FB3CB9E2166149000A5A622 /* Utilities */,
				7F756C6B21662ED70018EB83 /* App */,
			);
		};
/* End PBXProject section */

/* Begin PBXResourcesBuildPhase section */
		7F22410121638F2A001B53B2 /* Resources */ = {
			isa = PBXResourcesBuildPhase;
			buildActionMask = 2147483647;
			files = (
				7F22411121638F2C001B53B2 /* LaunchScreen.storyboard in Resources */,
				7F22410E21638F2C001B53B2 /* Assets.xcassets in Resources */,
			);
			runOnlyForDeploymentPostprocessing = 0;
		};
		7F756C6A21662ED70018EB83 /* Resources */ = {
			isa = PBXResourcesBuildPhase;
			buildActionMask = 2147483647;
			files = (
			);
			runOnlyForDeploymentPostprocessing = 0;
		};
		7F9858342163934800E922A6 /* Resources */ = {
			isa = PBXResourcesBuildPhase;
			buildActionMask = 2147483647;
			files = (
			);
			runOnlyForDeploymentPostprocessing = 0;
		};
		7FB3CB9D2166149000A5A622 /* Resources */ = {
			isa = PBXResourcesBuildPhase;
			buildActionMask = 2147483647;
			files = (
			);
			runOnlyForDeploymentPostprocessing = 0;
		};
/* End PBXResourcesBuildPhase section */

/* Begin PBXShellScriptBuildPhase section */
		1E8BEE88137E8E2F3F8198CC /* [CP] Copy Pods Resources */ = {
			isa = PBXShellScriptBuildPhase;
			buildActionMask = 2147483647;
			files = (
			);
			inputPaths = (
			);
			name = "[CP] Copy Pods Resources";
			outputPaths = (
			);
			runOnlyForDeploymentPostprocessing = 0;
			shellPath = /bin/sh;
			shellScript = "\"${SRCROOT}/Pods/Target Support Files/Pods-Utilities/Pods-Utilities-resources.sh\"\n";
			showEnvVarsInLog = 0;
		};
		4AE8B8D50701F868B77FFBFB /* [CP] Check Pods Manifest.lock */ = {
			isa = PBXShellScriptBuildPhase;
			buildActionMask = 2147483647;
			files = (
			);
			inputPaths = (
				"${PODS_PODFILE_DIR_PATH}/Podfile.lock",
				"${PODS_ROOT}/Manifest.lock",
			);
			name = "[CP] Check Pods Manifest.lock";
			outputPaths = (
				"$(DERIVED_FILE_DIR)/Pods-Utilities-checkManifestLockResult.txt",
			);
			runOnlyForDeploymentPostprocessing = 0;
			shellPath = /bin/sh;
			shellScript = "diff \"${PODS_PODFILE_DIR_PATH}/Podfile.lock\" \"${PODS_ROOT}/Manifest.lock\" > /dev/null\nif [ $? != 0 ] ; then\n    # print error to STDERR\n    echo \"error: The sandbox is not in sync with the Podfile.lock. Run 'pod install' or update your CocoaPods installation.\" >&2\n    exit 1\nfi\n# This output is used by Xcode 'outputs' to avoid re-running this script phase.\necho \"SUCCESS\" > \"${SCRIPT_OUTPUT_FILE_0}\"\n";
			showEnvVarsInLog = 0;
		};
		4D7585BC4B0BEA62C192EDE9 /* [CP] Copy Pods Resources */ = {
			isa = PBXShellScriptBuildPhase;
			buildActionMask = 2147483647;
			files = (
			);
			inputPaths = (
			);
			name = "[CP] Copy Pods Resources";
			outputPaths = (
			);
			runOnlyForDeploymentPostprocessing = 0;
			shellPath = /bin/sh;
			shellScript = "\"${SRCROOT}/Pods/Target Support Files/Pods-App/Pods-App-resources.sh\"\n";
			showEnvVarsInLog = 0;
		};
		7EA7F096CBD579895262F9CF /* [CP] Embed Pods Frameworks */ = {
			isa = PBXShellScriptBuildPhase;
			buildActionMask = 2147483647;
			files = (
			);
			inputPaths = (
				"${SRCROOT}/Pods/Target Support Files/Pods-PlaygroundApp/Pods-PlaygroundApp-frameworks.sh",
				"${BUILT_PRODUCTS_DIR}/RxCocoa/RxCocoa.framework",
				"${BUILT_PRODUCTS_DIR}/RxSwift/RxSwift.framework",
				"${BUILT_PRODUCTS_DIR}/DeviceScreenViewController/DeviceScreenViewController.framework",
				"${BUILT_PRODUCTS_DIR}/SnapKit/SnapKit.framework",
			);
			name = "[CP] Embed Pods Frameworks";
			outputPaths = (
				"${TARGET_BUILD_DIR}/${FRAMEWORKS_FOLDER_PATH}/RxCocoa.framework",
				"${TARGET_BUILD_DIR}/${FRAMEWORKS_FOLDER_PATH}/RxSwift.framework",
				"${TARGET_BUILD_DIR}/${FRAMEWORKS_FOLDER_PATH}/DeviceScreenViewController.framework",
				"${TARGET_BUILD_DIR}/${FRAMEWORKS_FOLDER_PATH}/SnapKit.framework",
			);
			runOnlyForDeploymentPostprocessing = 0;
			shellPath = /bin/sh;
			shellScript = "\"${SRCROOT}/Pods/Target Support Files/Pods-PlaygroundApp/Pods-PlaygroundApp-frameworks.sh\"\n";
			showEnvVarsInLog = 0;
		};
		8AD0C996ED1894E84D5F7BC6 /* [CP] Check Pods Manifest.lock */ = {
			isa = PBXShellScriptBuildPhase;
			buildActionMask = 2147483647;
			files = (
			);
			inputPaths = (
				"${PODS_PODFILE_DIR_PATH}/Podfile.lock",
				"${PODS_ROOT}/Manifest.lock",
			);
			name = "[CP] Check Pods Manifest.lock";
			outputPaths = (
				"$(DERIVED_FILE_DIR)/Pods-App-checkManifestLockResult.txt",
			);
			runOnlyForDeploymentPostprocessing = 0;
			shellPath = /bin/sh;
			shellScript = "diff \"${PODS_PODFILE_DIR_PATH}/Podfile.lock\" \"${PODS_ROOT}/Manifest.lock\" > /dev/null\nif [ $? != 0 ] ; then\n    # print error to STDERR\n    echo \"error: The sandbox is not in sync with the Podfile.lock. Run 'pod install' or update your CocoaPods installation.\" >&2\n    exit 1\nfi\n# This output is used by Xcode 'outputs' to avoid re-running this script phase.\necho \"SUCCESS\" > \"${SCRIPT_OUTPUT_FILE_0}\"\n";
			showEnvVarsInLog = 0;
		};
		94DED7834DB1EAF154773B69 /* [CP] Copy Pods Resources */ = {
			isa = PBXShellScriptBuildPhase;
			buildActionMask = 2147483647;
			files = (
			);
			inputPaths = (
			);
			name = "[CP] Copy Pods Resources";
			outputPaths = (
			);
			runOnlyForDeploymentPostprocessing = 0;
			shellPath = /bin/sh;
			shellScript = "\"${SRCROOT}/Pods/Target Support Files/Pods-UI/Pods-UI-resources.sh\"\n";
			showEnvVarsInLog = 0;
		};
		B036FA620054B1AF864B7C68 /* [CP] Check Pods Manifest.lock */ = {
			isa = PBXShellScriptBuildPhase;
			buildActionMask = 2147483647;
			files = (
			);
			inputPaths = (
				"${PODS_PODFILE_DIR_PATH}/Podfile.lock",
				"${PODS_ROOT}/Manifest.lock",
			);
			name = "[CP] Check Pods Manifest.lock";
			outputPaths = (
				"$(DERIVED_FILE_DIR)/Pods-UI-checkManifestLockResult.txt",
			);
			runOnlyForDeploymentPostprocessing = 0;
			shellPath = /bin/sh;
			shellScript = "diff \"${PODS_PODFILE_DIR_PATH}/Podfile.lock\" \"${PODS_ROOT}/Manifest.lock\" > /dev/null\nif [ $? != 0 ] ; then\n    # print error to STDERR\n    echo \"error: The sandbox is not in sync with the Podfile.lock. Run 'pod install' or update your CocoaPods installation.\" >&2\n    exit 1\nfi\n# This output is used by Xcode 'outputs' to avoid re-running this script phase.\necho \"SUCCESS\" > \"${SCRIPT_OUTPUT_FILE_0}\"\n";
			showEnvVarsInLog = 0;
		};
		D13BF52ED06A33406C1A389B /* [CP] Check Pods Manifest.lock */ = {
			isa = PBXShellScriptBuildPhase;
			buildActionMask = 2147483647;
			files = (
			);
			inputPaths = (
				"${PODS_PODFILE_DIR_PATH}/Podfile.lock",
				"${PODS_ROOT}/Manifest.lock",
			);
			name = "[CP] Check Pods Manifest.lock";
			outputPaths = (
				"$(DERIVED_FILE_DIR)/Pods-PlaygroundApp-checkManifestLockResult.txt",
			);
			runOnlyForDeploymentPostprocessing = 0;
			shellPath = /bin/sh;
			shellScript = "diff \"${PODS_PODFILE_DIR_PATH}/Podfile.lock\" \"${PODS_ROOT}/Manifest.lock\" > /dev/null\nif [ $? != 0 ] ; then\n    # print error to STDERR\n    echo \"error: The sandbox is not in sync with the Podfile.lock. Run 'pod install' or update your CocoaPods installation.\" >&2\n    exit 1\nfi\n# This output is used by Xcode 'outputs' to avoid re-running this script phase.\necho \"SUCCESS\" > \"${SCRIPT_OUTPUT_FILE_0}\"\n";
			showEnvVarsInLog = 0;
		};
		D52AC3EB21F45B94B79B9A1A /* [CP] Copy Pods Resources */ = {
			isa = PBXShellScriptBuildPhase;
			buildActionMask = 2147483647;
			files = (
			);
			inputPaths = (
			);
			name = "[CP] Copy Pods Resources";
			outputPaths = (
			);
			runOnlyForDeploymentPostprocessing = 0;
			shellPath = /bin/sh;
			shellScript = "\"${SRCROOT}/Pods/Target Support Files/Pods-PlaygroundApp/Pods-PlaygroundApp-resources.sh\"\n";
			showEnvVarsInLog = 0;
		};
/* End PBXShellScriptBuildPhase section */

/* Begin PBXSourcesBuildPhase section */
		7F2240FF21638F2A001B53B2 /* Sources */ = {
			isa = PBXSourcesBuildPhase;
			buildActionMask = 2147483647;
			files = (
				7F22410721638F2B001B53B2 /* AppDelegate.swift in Sources */,
			);
			runOnlyForDeploymentPostprocessing = 0;
		};
		7F756C6821662ED70018EB83 /* Sources */ = {
			isa = PBXSourcesBuildPhase;
			buildActionMask = 2147483647;
			files = (
				FA8ECDDD21D8EB4700C728DD /* ThirdTabScreenInteractions.swift in Sources */,
				7F756C862166311C0018EB83 /* DownloadScreenInteractions.swift in Sources */,
				7F445A5021663B8500B121BF /* MenuScreenInteractions.swift in Sources */,
				7F756C7921662EF40018EB83 /* MagiColorScreenInteractions.swift in Sources */,
			);
			runOnlyForDeploymentPostprocessing = 0;
		};
		7F9858312163934800E922A6 /* Sources */ = {
			isa = PBXSourcesBuildPhase;
			buildActionMask = 2147483647;
			files = (
				7F756C8E2166319A0018EB83 /* DownloadScreenViewController.swift in Sources */,
				7F756C8121662F830018EB83 /* MagiColorsScreenView.swift in Sources */,
				7F445A53216643BF00B121BF /* AdsFakeScreenView.swift in Sources */,
				7F756C8221662F830018EB83 /* MagiColorsScreenViewController.swift in Sources */,
				7F756C8F2166319A0018EB83 /* DownloadScreenView.swift in Sources */,
				7F445A55216643CF00B121BF /* AdsFakeScreenViewController.swift in Sources */,
				FA99237321D8D32E00CD3BC0 /* ThirdTabScreenViewController.swift in Sources */,
				FA99237521D8D34300CD3BC0 /* ThirdTabScreenView.swift in Sources */,
				7F985846216393E900E922A6 /* MenuScreenViewController.swift in Sources */,
			);
			runOnlyForDeploymentPostprocessing = 0;
		};
		7FB3CB9B2166149000A5A622 /* Sources */ = {
			isa = PBXSourcesBuildPhase;
			buildActionMask = 2147483647;
			files = (
				7FB3CBAE216614F900A5A622 /* Curry.swift in Sources */,
				7FB3CBB12166158800A5A622 /* RxSwiftBindDisposing.swift in Sources */,
			);
			runOnlyForDeploymentPostprocessing = 0;
		};
/* End PBXSourcesBuildPhase section */

/* Begin PBXTargetDependency section */
		7F756C7221662ED80018EB83 /* PBXTargetDependency */ = {
			isa = PBXTargetDependency;
			target = 7F756C6B21662ED70018EB83 /* App */;
			targetProxy = 7F756C7121662ED80018EB83 /* PBXContainerItemProxy */;
		};
		7F98583C2163934800E922A6 /* PBXTargetDependency */ = {
			isa = PBXTargetDependency;
			target = 7F9858352163934800E922A6 /* UI */;
			targetProxy = 7F98583B2163934800E922A6 /* PBXContainerItemProxy */;
		};
/* End PBXTargetDependency section */

/* Begin PBXVariantGroup section */
		7F22410F21638F2C001B53B2 /* LaunchScreen.storyboard */ = {
			isa = PBXVariantGroup;
			children = (
				7F22411021638F2C001B53B2 /* Base */,
			);
			name = LaunchScreen.storyboard;
			sourceTree = "<group>";
		};
/* End PBXVariantGroup section */

/* Begin XCBuildConfiguration section */
		7F22411321638F2C001B53B2 /* Debug */ = {
			isa = XCBuildConfiguration;
			buildSettings = {
				ALWAYS_SEARCH_USER_PATHS = NO;
				CLANG_ANALYZER_NONNULL = YES;
				CLANG_ANALYZER_NUMBER_OBJECT_CONVERSION = YES_AGGRESSIVE;
				CLANG_CXX_LANGUAGE_STANDARD = "gnu++14";
				CLANG_CXX_LIBRARY = "libc++";
				CLANG_ENABLE_MODULES = YES;
				CLANG_ENABLE_OBJC_ARC = YES;
				CLANG_ENABLE_OBJC_WEAK = YES;
				CLANG_WARN_BLOCK_CAPTURE_AUTORELEASING = YES;
				CLANG_WARN_BOOL_CONVERSION = YES;
				CLANG_WARN_COMMA = YES;
				CLANG_WARN_CONSTANT_CONVERSION = YES;
				CLANG_WARN_DEPRECATED_OBJC_IMPLEMENTATIONS = YES;
				CLANG_WARN_DIRECT_OBJC_ISA_USAGE = YES_ERROR;
				CLANG_WARN_DOCUMENTATION_COMMENTS = YES;
				CLANG_WARN_EMPTY_BODY = YES;
				CLANG_WARN_ENUM_CONVERSION = YES;
				CLANG_WARN_INFINITE_RECURSION = YES;
				CLANG_WARN_INT_CONVERSION = YES;
				CLANG_WARN_NON_LITERAL_NULL_CONVERSION = YES;
				CLANG_WARN_OBJC_IMPLICIT_RETAIN_SELF = YES;
				CLANG_WARN_OBJC_LITERAL_CONVERSION = YES;
				CLANG_WARN_OBJC_ROOT_CLASS = YES_ERROR;
				CLANG_WARN_RANGE_LOOP_ANALYSIS = YES;
				CLANG_WARN_STRICT_PROTOTYPES = YES;
				CLANG_WARN_SUSPICIOUS_MOVE = YES;
				CLANG_WARN_UNGUARDED_AVAILABILITY = YES_AGGRESSIVE;
				CLANG_WARN_UNREACHABLE_CODE = YES;
				CLANG_WARN__DUPLICATE_METHOD_MATCH = YES;
				CODE_SIGN_IDENTITY = "iPhone Developer";
				COPY_PHASE_STRIP = NO;
				DEBUG_INFORMATION_FORMAT = dwarf;
				ENABLE_STRICT_OBJC_MSGSEND = YES;
				ENABLE_TESTABILITY = YES;
				GCC_C_LANGUAGE_STANDARD = gnu11;
				GCC_DYNAMIC_NO_PIC = NO;
				GCC_NO_COMMON_BLOCKS = YES;
				GCC_OPTIMIZATION_LEVEL = 0;
				GCC_PREPROCESSOR_DEFINITIONS = (
					"DEBUG=1",
					"$(inherited)",
				);
				GCC_WARN_64_TO_32_BIT_CONVERSION = YES;
				GCC_WARN_ABOUT_RETURN_TYPE = YES_ERROR;
				GCC_WARN_UNDECLARED_SELECTOR = YES;
				GCC_WARN_UNINITIALIZED_AUTOS = YES_AGGRESSIVE;
				GCC_WARN_UNUSED_FUNCTION = YES;
				GCC_WARN_UNUSED_VARIABLE = YES;
				IPHONEOS_DEPLOYMENT_TARGET = 12.0;
				MTL_ENABLE_DEBUG_INFO = INCLUDE_SOURCE;
				MTL_FAST_MATH = YES;
				ONLY_ACTIVE_ARCH = YES;
				SDKROOT = iphoneos;
				SWIFT_ACTIVE_COMPILATION_CONDITIONS = DEBUG;
				SWIFT_OPTIMIZATION_LEVEL = "-Onone";
			};
			name = Debug;
		};
		7F22411421638F2C001B53B2 /* Release */ = {
			isa = XCBuildConfiguration;
			buildSettings = {
				ALWAYS_SEARCH_USER_PATHS = NO;
				CLANG_ANALYZER_NONNULL = YES;
				CLANG_ANALYZER_NUMBER_OBJECT_CONVERSION = YES_AGGRESSIVE;
				CLANG_CXX_LANGUAGE_STANDARD = "gnu++14";
				CLANG_CXX_LIBRARY = "libc++";
				CLANG_ENABLE_MODULES = YES;
				CLANG_ENABLE_OBJC_ARC = YES;
				CLANG_ENABLE_OBJC_WEAK = YES;
				CLANG_WARN_BLOCK_CAPTURE_AUTORELEASING = YES;
				CLANG_WARN_BOOL_CONVERSION = YES;
				CLANG_WARN_COMMA = YES;
				CLANG_WARN_CONSTANT_CONVERSION = YES;
				CLANG_WARN_DEPRECATED_OBJC_IMPLEMENTATIONS = YES;
				CLANG_WARN_DIRECT_OBJC_ISA_USAGE = YES_ERROR;
				CLANG_WARN_DOCUMENTATION_COMMENTS = YES;
				CLANG_WARN_EMPTY_BODY = YES;
				CLANG_WARN_ENUM_CONVERSION = YES;
				CLANG_WARN_INFINITE_RECURSION = YES;
				CLANG_WARN_INT_CONVERSION = YES;
				CLANG_WARN_NON_LITERAL_NULL_CONVERSION = YES;
				CLANG_WARN_OBJC_IMPLICIT_RETAIN_SELF = YES;
				CLANG_WARN_OBJC_LITERAL_CONVERSION = YES;
				CLANG_WARN_OBJC_ROOT_CLASS = YES_ERROR;
				CLANG_WARN_RANGE_LOOP_ANALYSIS = YES;
				CLANG_WARN_STRICT_PROTOTYPES = YES;
				CLANG_WARN_SUSPICIOUS_MOVE = YES;
				CLANG_WARN_UNGUARDED_AVAILABILITY = YES_AGGRESSIVE;
				CLANG_WARN_UNREACHABLE_CODE = YES;
				CLANG_WARN__DUPLICATE_METHOD_MATCH = YES;
				CODE_SIGN_IDENTITY = "iPhone Developer";
				COPY_PHASE_STRIP = NO;
				DEBUG_INFORMATION_FORMAT = "dwarf-with-dsym";
				ENABLE_NS_ASSERTIONS = NO;
				ENABLE_STRICT_OBJC_MSGSEND = YES;
				GCC_C_LANGUAGE_STANDARD = gnu11;
				GCC_NO_COMMON_BLOCKS = YES;
				GCC_WARN_64_TO_32_BIT_CONVERSION = YES;
				GCC_WARN_ABOUT_RETURN_TYPE = YES_ERROR;
				GCC_WARN_UNDECLARED_SELECTOR = YES;
				GCC_WARN_UNINITIALIZED_AUTOS = YES_AGGRESSIVE;
				GCC_WARN_UNUSED_FUNCTION = YES;
				GCC_WARN_UNUSED_VARIABLE = YES;
				IPHONEOS_DEPLOYMENT_TARGET = 12.0;
				MTL_ENABLE_DEBUG_INFO = NO;
				MTL_FAST_MATH = YES;
				SDKROOT = iphoneos;
				SWIFT_COMPILATION_MODE = wholemodule;
				SWIFT_OPTIMIZATION_LEVEL = "-O";
				VALIDATE_PRODUCT = YES;
			};
			name = Release;
		};
		7F22411621638F2C001B53B2 /* Debug */ = {
			isa = XCBuildConfiguration;
			baseConfigurationReference = B8E3CF4786BFA5C17934DAF1 /* Pods-PlaygroundApp.debug.xcconfig */;
			buildSettings = {
				ALWAYS_EMBED_SWIFT_STANDARD_LIBRARIES = YES;
				ASSETCATALOG_COMPILER_APPICON_NAME = AppIcon;
				CODE_SIGN_STYLE = Automatic;
				INFOPLIST_FILE = PlaygroundApp/Info.plist;
				LD_RUNPATH_SEARCH_PATHS = (
					"$(inherited)",
					"@executable_path/Frameworks",
				);
				PRODUCT_BUNDLE_IDENTIFIER = me.pgmarchenko.PlaygroundApp;
				PRODUCT_NAME = "$(TARGET_NAME)";
				SWIFT_VERSION = 4.0;
				TARGETED_DEVICE_FAMILY = "1,2";
			};
			name = Debug;
		};
		7F22411721638F2C001B53B2 /* Release */ = {
			isa = XCBuildConfiguration;
			baseConfigurationReference = BAD6AE7439421278BA115A36 /* Pods-PlaygroundApp.release.xcconfig */;
			buildSettings = {
				ALWAYS_EMBED_SWIFT_STANDARD_LIBRARIES = YES;
				ASSETCATALOG_COMPILER_APPICON_NAME = AppIcon;
				CODE_SIGN_STYLE = Automatic;
				INFOPLIST_FILE = PlaygroundApp/Info.plist;
				LD_RUNPATH_SEARCH_PATHS = (
					"$(inherited)",
					"@executable_path/Frameworks",
				);
				PRODUCT_BUNDLE_IDENTIFIER = me.pgmarchenko.PlaygroundApp;
				PRODUCT_NAME = "$(TARGET_NAME)";
				SWIFT_VERSION = 4.0;
				TARGETED_DEVICE_FAMILY = "1,2";
			};
			name = Release;
		};
		7F756C7521662ED80018EB83 /* Debug */ = {
			isa = XCBuildConfiguration;
			baseConfigurationReference = 7CC1313A6AFF118C732BF153 /* Pods-App.debug.xcconfig */;
			buildSettings = {
				CLANG_ENABLE_MODULES = YES;
				CODE_SIGN_IDENTITY = "";
				CODE_SIGN_STYLE = Automatic;
				CURRENT_PROJECT_VERSION = 1;
				DEFINES_MODULE = YES;
				DYLIB_COMPATIBILITY_VERSION = 1;
				DYLIB_CURRENT_VERSION = 1;
				DYLIB_INSTALL_NAME_BASE = "@rpath";
				INFOPLIST_FILE = App/Info.plist;
				INSTALL_PATH = "$(LOCAL_LIBRARY_DIR)/Frameworks";
				LD_RUNPATH_SEARCH_PATHS = (
					"$(inherited)",
					"@executable_path/Frameworks",
					"@loader_path/Frameworks",
				);
				PRODUCT_BUNDLE_IDENTIFIER = me.pgmarchenko.App;
				PRODUCT_NAME = "$(TARGET_NAME:c99extidentifier)";
				SKIP_INSTALL = YES;
				SWIFT_OPTIMIZATION_LEVEL = "-Onone";
				SWIFT_VERSION = 4.0;
				TARGETED_DEVICE_FAMILY = "1,2";
				VERSIONING_SYSTEM = "apple-generic";
				VERSION_INFO_PREFIX = "";
			};
			name = Debug;
		};
		7F756C7621662ED80018EB83 /* Release */ = {
			isa = XCBuildConfiguration;
			baseConfigurationReference = 53CD6D4181AD06166BCEADB5 /* Pods-App.release.xcconfig */;
			buildSettings = {
				CLANG_ENABLE_MODULES = YES;
				CODE_SIGN_IDENTITY = "";
				CODE_SIGN_STYLE = Automatic;
				CURRENT_PROJECT_VERSION = 1;
				DEFINES_MODULE = YES;
				DYLIB_COMPATIBILITY_VERSION = 1;
				DYLIB_CURRENT_VERSION = 1;
				DYLIB_INSTALL_NAME_BASE = "@rpath";
				INFOPLIST_FILE = App/Info.plist;
				INSTALL_PATH = "$(LOCAL_LIBRARY_DIR)/Frameworks";
				LD_RUNPATH_SEARCH_PATHS = (
					"$(inherited)",
					"@executable_path/Frameworks",
					"@loader_path/Frameworks",
				);
				PRODUCT_BUNDLE_IDENTIFIER = me.pgmarchenko.App;
				PRODUCT_NAME = "$(TARGET_NAME:c99extidentifier)";
				SKIP_INSTALL = YES;
				SWIFT_VERSION = 4.0;
				TARGETED_DEVICE_FAMILY = "1,2";
				VERSIONING_SYSTEM = "apple-generic";
				VERSION_INFO_PREFIX = "";
			};
			name = Release;
		};
		7F98583F2163934800E922A6 /* Debug */ = {
			isa = XCBuildConfiguration;
			baseConfigurationReference = 90A90191713EF87C49002930 /* Pods-UI.debug.xcconfig */;
			buildSettings = {
				CLANG_ENABLE_MODULES = YES;
				CODE_SIGN_IDENTITY = "";
				CODE_SIGN_STYLE = Automatic;
				CURRENT_PROJECT_VERSION = 1;
				DEFINES_MODULE = YES;
				DYLIB_COMPATIBILITY_VERSION = 1;
				DYLIB_CURRENT_VERSION = 1;
				DYLIB_INSTALL_NAME_BASE = "@rpath";
				INFOPLIST_FILE = UI/Resources/Info.plist;
				INSTALL_PATH = "$(LOCAL_LIBRARY_DIR)/Frameworks";
				LD_RUNPATH_SEARCH_PATHS = (
					"$(inherited)",
					"@executable_path/Frameworks",
					"@loader_path/Frameworks",
				);
				MTL_ENABLE_DEBUG_INFO = YES;
				PRODUCT_BUNDLE_IDENTIFIER = me.pgmarchenko.UI;
				PRODUCT_NAME = "$(TARGET_NAME:c99extidentifier)";
				SKIP_INSTALL = YES;
				SWIFT_OPTIMIZATION_LEVEL = "-Onone";
				SWIFT_VERSION = 4.0;
				TARGETED_DEVICE_FAMILY = "1,2";
				VERSIONING_SYSTEM = "apple-generic";
				VERSION_INFO_PREFIX = "";
			};
			name = Debug;
		};
		7F9858402163934800E922A6 /* Release */ = {
			isa = XCBuildConfiguration;
			baseConfigurationReference = 27956835F78B2B1237F5D370 /* Pods-UI.release.xcconfig */;
			buildSettings = {
				CLANG_ENABLE_MODULES = YES;
				CODE_SIGN_IDENTITY = "";
				CODE_SIGN_STYLE = Automatic;
				CURRENT_PROJECT_VERSION = 1;
				DEFINES_MODULE = YES;
				DYLIB_COMPATIBILITY_VERSION = 1;
				DYLIB_CURRENT_VERSION = 1;
				DYLIB_INSTALL_NAME_BASE = "@rpath";
				INFOPLIST_FILE = UI/Resources/Info.plist;
				INSTALL_PATH = "$(LOCAL_LIBRARY_DIR)/Frameworks";
				LD_RUNPATH_SEARCH_PATHS = (
					"$(inherited)",
					"@executable_path/Frameworks",
					"@loader_path/Frameworks",
				);
				PRODUCT_BUNDLE_IDENTIFIER = me.pgmarchenko.UI;
				PRODUCT_NAME = "$(TARGET_NAME:c99extidentifier)";
				SKIP_INSTALL = YES;
				SWIFT_VERSION = 4.0;
				TARGETED_DEVICE_FAMILY = "1,2";
				VERSIONING_SYSTEM = "apple-generic";
				VERSION_INFO_PREFIX = "";
			};
			name = Release;
		};
		7FB3CBA82166149000A5A622 /* Debug */ = {
			isa = XCBuildConfiguration;
			baseConfigurationReference = 8BB96B205CC109EF5693AAE5 /* Pods-Utilities.debug.xcconfig */;
			buildSettings = {
				CLANG_ENABLE_MODULES = YES;
				CODE_SIGN_IDENTITY = "";
				CODE_SIGN_STYLE = Automatic;
				CURRENT_PROJECT_VERSION = 1;
				DEFINES_MODULE = YES;
				DYLIB_COMPATIBILITY_VERSION = 1;
				DYLIB_CURRENT_VERSION = 1;
				DYLIB_INSTALL_NAME_BASE = "@rpath";
				INFOPLIST_FILE = Utilities/Info.plist;
				INSTALL_PATH = "$(LOCAL_LIBRARY_DIR)/Frameworks";
				LD_RUNPATH_SEARCH_PATHS = (
					"$(inherited)",
					"@executable_path/Frameworks",
					"@loader_path/Frameworks",
				);
				PRODUCT_BUNDLE_IDENTIFIER = me.pgmarchenko.Utilities;
				PRODUCT_NAME = "$(TARGET_NAME:c99extidentifier)";
				SKIP_INSTALL = YES;
				SWIFT_OPTIMIZATION_LEVEL = "-Onone";
				SWIFT_VERSION = 4.0;
				TARGETED_DEVICE_FAMILY = "1,2";
				VERSIONING_SYSTEM = "apple-generic";
				VERSION_INFO_PREFIX = "";
			};
			name = Debug;
		};
		7FB3CBA92166149000A5A622 /* Release */ = {
			isa = XCBuildConfiguration;
			baseConfigurationReference = 310397FE99EEC4C57A248508 /* Pods-Utilities.release.xcconfig */;
			buildSettings = {
				CLANG_ENABLE_MODULES = YES;
				CODE_SIGN_IDENTITY = "";
				CODE_SIGN_STYLE = Automatic;
				CURRENT_PROJECT_VERSION = 1;
				DEFINES_MODULE = YES;
				DYLIB_COMPATIBILITY_VERSION = 1;
				DYLIB_CURRENT_VERSION = 1;
				DYLIB_INSTALL_NAME_BASE = "@rpath";
				INFOPLIST_FILE = Utilities/Info.plist;
				INSTALL_PATH = "$(LOCAL_LIBRARY_DIR)/Frameworks";
				LD_RUNPATH_SEARCH_PATHS = (
					"$(inherited)",
					"@executable_path/Frameworks",
					"@loader_path/Frameworks",
				);
				PRODUCT_BUNDLE_IDENTIFIER = me.pgmarchenko.Utilities;
				PRODUCT_NAME = "$(TARGET_NAME:c99extidentifier)";
				SKIP_INSTALL = YES;
				SWIFT_VERSION = 4.0;
				TARGETED_DEVICE_FAMILY = "1,2";
				VERSIONING_SYSTEM = "apple-generic";
				VERSION_INFO_PREFIX = "";
			};
			name = Release;
		};
/* End XCBuildConfiguration section */

/* Begin XCConfigurationList section */
		7F2240FE21638F2A001B53B2 /* Build configuration list for PBXProject "PlaygroundApp" */ = {
			isa = XCConfigurationList;
			buildConfigurations = (
				7F22411321638F2C001B53B2 /* Debug */,
				7F22411421638F2C001B53B2 /* Release */,
			);
			defaultConfigurationIsVisible = 0;
			defaultConfigurationName = Release;
		};
		7F22411521638F2C001B53B2 /* Build configuration list for PBXNativeTarget "PlaygroundApp" */ = {
			isa = XCConfigurationList;
			buildConfigurations = (
				7F22411621638F2C001B53B2 /* Debug */,
				7F22411721638F2C001B53B2 /* Release */,
			);
			defaultConfigurationIsVisible = 0;
			defaultConfigurationName = Release;
		};
		7F756C7721662ED80018EB83 /* Build configuration list for PBXNativeTarget "App" */ = {
			isa = XCConfigurationList;
			buildConfigurations = (
				7F756C7521662ED80018EB83 /* Debug */,
				7F756C7621662ED80018EB83 /* Release */,
			);
			defaultConfigurationIsVisible = 0;
			defaultConfigurationName = Release;
		};
		7F9858412163934800E922A6 /* Build configuration list for PBXNativeTarget "UI" */ = {
			isa = XCConfigurationList;
			buildConfigurations = (
				7F98583F2163934800E922A6 /* Debug */,
				7F9858402163934800E922A6 /* Release */,
			);
			defaultConfigurationIsVisible = 0;
			defaultConfigurationName = Release;
		};
		7FB3CBAA2166149000A5A622 /* Build configuration list for PBXNativeTarget "Utilities" */ = {
			isa = XCConfigurationList;
			buildConfigurations = (
				7FB3CBA82166149000A5A622 /* Debug */,
				7FB3CBA92166149000A5A622 /* Release */,
			);
			defaultConfigurationIsVisible = 0;
			defaultConfigurationName = Release;
		};
/* End XCConfigurationList section */
	};
	rootObject = 7F2240FB21638F2A001B53B2 /* Project object */;
}
